// !$*UTF8*$!
{
	archiveVersion = 1;
	classes = {
	};
	objectVersion = 50;
	objects = {

/* Begin PBXBuildFile section */
		5455E0242405309400CD7AF8 /* AppDelegate.swift in Sources */ = {isa = PBXBuildFile; fileRef = 5455E0232405309400CD7AF8 /* AppDelegate.swift */; };
		5455E0262405309400CD7AF8 /* SceneDelegate.swift in Sources */ = {isa = PBXBuildFile; fileRef = 5455E0252405309400CD7AF8 /* SceneDelegate.swift */; };
		5455E02B2405309400CD7AF8 /* Main.storyboard in Resources */ = {isa = PBXBuildFile; fileRef = 5455E0292405309400CD7AF8 /* Main.storyboard */; };
		5455E02D2405309700CD7AF8 /* Assets.xcassets in Resources */ = {isa = PBXBuildFile; fileRef = 5455E02C2405309700CD7AF8 /* Assets.xcassets */; };
		5455E0302405309700CD7AF8 /* LaunchScreen.storyboard in Resources */ = {isa = PBXBuildFile; fileRef = 5455E02E2405309700CD7AF8 /* LaunchScreen.storyboard */; };
		5455E03A240531F700CD7AF8 /* FavoritesVC.swift in Sources */ = {isa = PBXBuildFile; fileRef = 5455E039240531F700CD7AF8 /* FavoritesVC.swift */; };
		5455E03C2405320800CD7AF8 /* PeopleVC.swift in Sources */ = {isa = PBXBuildFile; fileRef = 5455E03B2405320800CD7AF8 /* PeopleVC.swift */; };
		5455E03F2405348A00CD7AF8 /* AddItemTableViewCell.swift in Sources */ = {isa = PBXBuildFile; fileRef = 5455E03E2405348A00CD7AF8 /* AddItemTableViewCell.swift */; };
		5455E041240534DB00CD7AF8 /* PersonCell.swift in Sources */ = {isa = PBXBuildFile; fileRef = 5455E040240534DB00CD7AF8 /* PersonCell.swift */; };
/* End PBXBuildFile section */

/* Begin PBXFileReference section */
		5455E0202405309400CD7AF8 /* NotificationCenterVsDelegation.app */ = {isa = PBXFileReference; explicitFileType = wrapper.application; includeInIndex = 0; path = NotificationCenterVsDelegation.app; sourceTree = BUILT_PRODUCTS_DIR; };
		5455E0232405309400CD7AF8 /* AppDelegate.swift */ = {isa = PBXFileReference; lastKnownFileType = sourcecode.swift; path = AppDelegate.swift; sourceTree = "<group>"; };
		5455E0252405309400CD7AF8 /* SceneDelegate.swift */ = {isa = PBXFileReference; lastKnownFileType = sourcecode.swift; path = SceneDelegate.swift; sourceTree = "<group>"; };
		5455E02A2405309400CD7AF8 /* Base */ = {isa = PBXFileReference; lastKnownFileType = file.storyboard; name = Base; path = Base.lproj/Main.storyboard; sourceTree = "<group>"; };
		5455E02C2405309700CD7AF8 /* Assets.xcassets */ = {isa = PBXFileReference; lastKnownFileType = folder.assetcatalog; path = Assets.xcassets; sourceTree = "<group>"; };
		5455E02F2405309700CD7AF8 /* Base */ = {isa = PBXFileReference; lastKnownFileType = file.storyboard; name = Base; path = Base.lproj/LaunchScreen.storyboard; sourceTree = "<group>"; };
		5455E0312405309700CD7AF8 /* Info.plist */ = {isa = PBXFileReference; lastKnownFileType = text.plist.xml; path = Info.plist; sourceTree = "<group>"; };
		5455E039240531F700CD7AF8 /* FavoritesVC.swift */ = {isa = PBXFileReference; lastKnownFileType = sourcecode.swift; path = FavoritesVC.swift; sourceTree = "<group>"; };
		5455E03B2405320800CD7AF8 /* PeopleVC.swift */ = {isa = PBXFileReference; lastKnownFileType = sourcecode.swift; path = PeopleVC.swift; sourceTree = "<group>"; };
		5455E03E2405348A00CD7AF8 /* AddItemTableViewCell.swift */ = {isa = PBXFileReference; lastKnownFileType = sourcecode.swift; path = AddItemTableViewCell.swift; sourceTree = "<group>"; };
		5455E040240534DB00CD7AF8 /* PersonCell.swift */ = {isa = PBXFileReference; lastKnownFileType = sourcecode.swift; path = PersonCell.swift; sourceTree = "<group>"; };
/* End PBXFileReference section */

/* Begin PBXFrameworksBuildPhase section */
		5455E01D2405309400CD7AF8 /* Frameworks */ = {
			isa = PBXFrameworksBuildPhase;
			buildActionMask = 2147483647;
			files = (
			);
			runOnlyForDeploymentPostprocessing = 0;
		};
/* End PBXFrameworksBuildPhase section */

/* Begin PBXGroup section */
		5455E0172405309400CD7AF8 = {
			isa = PBXGroup;
			children = (
				5455E0222405309400CD7AF8 /* NotificationCenterVsDelegation */,
				5455E0212405309400CD7AF8 /* Products */,
			);
			sourceTree = "<group>";
		};
		5455E0212405309400CD7AF8 /* Products */ = {
			isa = PBXGroup;
			children = (
				5455E0202405309400CD7AF8 /* NotificationCenterVsDelegation.app */,
			);
			name = Products;
			sourceTree = "<group>";
		};
		5455E0222405309400CD7AF8 /* NotificationCenterVsDelegation */ = {
			isa = PBXGroup;
			children = (
				5455E03D2405346C00CD7AF8 /* View */,
				5455E037240530C000CD7AF8 /* Controller */,
				5455E038240530D300CD7AF8 /* Resources */,
			);
			path = NotificationCenterVsDelegation;
			sourceTree = "<group>";
		};
		5455E037240530C000CD7AF8 /* Controller */ = {
			isa = PBXGroup;
			children = (
				5455E039240531F700CD7AF8 /* FavoritesVC.swift */,
				5455E03B2405320800CD7AF8 /* PeopleVC.swift */,
			);
			path = Controller;
			sourceTree = "<group>";
		};
		5455E038240530D300CD7AF8 /* Resources */ = {
			isa = PBXGroup;
			children = (
				5455E0292405309400CD7AF8 /* Main.storyboard */,
				5455E02E2405309700CD7AF8 /* LaunchScreen.storyboard */,
				5455E0232405309400CD7AF8 /* AppDelegate.swift */,
				5455E0252405309400CD7AF8 /* SceneDelegate.swift */,
				5455E02C2405309700CD7AF8 /* Assets.xcassets */,
				5455E0312405309700CD7AF8 /* Info.plist */,
			);
			path = Resources;
			sourceTree = "<group>";
		};
		5455E03D2405346C00CD7AF8 /* View */ = {
			isa = PBXGroup;
			children = (
				5455E03E2405348A00CD7AF8 /* AddItemTableViewCell.swift */,
				5455E040240534DB00CD7AF8 /* PersonCell.swift */,
			);
			path = View;
			sourceTree = "<group>";
		};
/* End PBXGroup section */

/* Begin PBXNativeTarget section */
		5455E01F2405309400CD7AF8 /* NotificationCenterVsDelegation */ = {
			isa = PBXNativeTarget;
			buildConfigurationList = 5455E0342405309700CD7AF8 /* Build configuration list for PBXNativeTarget "NotificationCenterVsDelegation" */;
			buildPhases = (
				5455E01C2405309400CD7AF8 /* Sources */,
				5455E01D2405309400CD7AF8 /* Frameworks */,
				5455E01E2405309400CD7AF8 /* Resources */,
			);
			buildRules = (
			);
			dependencies = (
			);
			name = NotificationCenterVsDelegation;
			productName = NotificationCenterVsDelegation;
			productReference = 5455E0202405309400CD7AF8 /* NotificationCenterVsDelegation.app */;
			productType = "com.apple.product-type.application";
		};
/* End PBXNativeTarget section */

/* Begin PBXProject section */
		5455E0182405309400CD7AF8 /* Project object */ = {
			isa = PBXProject;
			attributes = {
				LastSwiftUpdateCheck = 1130;
				LastUpgradeCheck = 1130;
				ORGANIZATIONNAME = "Patrick Yin";
				TargetAttributes = {
					5455E01F2405309400CD7AF8 = {
						CreatedOnToolsVersion = 11.3.1;
					};
				};
			};
			buildConfigurationList = 5455E01B2405309400CD7AF8 /* Build configuration list for PBXProject "NotificationCenterVsDelegation" */;
			compatibilityVersion = "Xcode 9.3";
			developmentRegion = en;
			hasScannedForEncodings = 0;
			knownRegions = (
				en,
				Base,
			);
			mainGroup = 5455E0172405309400CD7AF8;
			productRefGroup = 5455E0212405309400CD7AF8 /* Products */;
			projectDirPath = "";
			projectRoot = "";
			targets = (
				5455E01F2405309400CD7AF8 /* NotificationCenterVsDelegation */,
			);
		};
/* End PBXProject section */

/* Begin PBXResourcesBuildPhase section */
		5455E01E2405309400CD7AF8 /* Resources */ = {
			isa = PBXResourcesBuildPhase;
			buildActionMask = 2147483647;
			files = (
				5455E0302405309700CD7AF8 /* LaunchScreen.storyboard in Resources */,
				5455E02D2405309700CD7AF8 /* Assets.xcassets in Resources */,
				5455E02B2405309400CD7AF8 /* Main.storyboard in Resources */,
			);
			runOnlyForDeploymentPostprocessing = 0;
		};
/* End PBXResourcesBuildPhase section */

/* Begin PBXSourcesBuildPhase section */
		5455E01C2405309400CD7AF8 /* Sources */ = {
			isa = PBXSourcesBuildPhase;
			buildActionMask = 2147483647;
			files = (
				5455E041240534DB00CD7AF8 /* PersonCell.swift in Sources */,
				5455E0242405309400CD7AF8 /* AppDelegate.swift in Sources */,
				5455E03F2405348A00CD7AF8 /* AddItemTableViewCell.swift in Sources */,
				5455E0262405309400CD7AF8 /* SceneDelegate.swift in Sources */,
				5455E03A240531F700CD7AF8 /* FavoritesVC.swift in Sources */,
				5455E03C2405320800CD7AF8 /* PeopleVC.swift in Sources */,
			);
			runOnlyForDeploymentPostprocessing = 0;
		};
/* End PBXSourcesBuildPhase section */

/* Begin PBXVariantGroup section */
		5455E0292405309400CD7AF8 /* Main.storyboard */ = {
			isa = PBXVariantGroup;
			children = (
				5455E02A2405309400CD7AF8 /* Base */,
			);
			name = Main.storyboard;
			sourceTree = "<group>";
		};
		5455E02E2405309700CD7AF8 /* LaunchScreen.storyboard */ = {
			isa = PBXVariantGroup;
			children = (
				5455E02F2405309700CD7AF8 /* Base */,
			);
			name = LaunchScreen.storyboard;
			sourceTree = "<group>";
		};
/* End PBXVariantGroup section */

/* Begin XCBuildConfiguration section */
		5455E0322405309700CD7AF8 /* Debug */ = {
			isa = XCBuildConfiguration;
			buildSettings = {
				ALWAYS_SEARCH_USER_PATHS = NO;
				CLANG_ANALYZER_NONNULL = YES;
				CLANG_ANALYZER_NUMBER_OBJECT_CONVERSION = YES_AGGRESSIVE;
				CLANG_CXX_LANGUAGE_STANDARD = "gnu++14";
				CLANG_CXX_LIBRARY = "libc++";
				CLANG_ENABLE_MODULES = YES;
				CLANG_ENABLE_OBJC_ARC = YES;
				CLANG_ENABLE_OBJC_WEAK = YES;
				CLANG_WARN_BLOCK_CAPTURE_AUTORELEASING = YES;
				CLANG_WARN_BOOL_CONVERSION = YES;
				CLANG_WARN_COMMA = YES;
				CLANG_WARN_CONSTANT_CONVERSION = YES;
				CLANG_WARN_DEPRECATED_OBJC_IMPLEMENTATIONS = YES;
				CLANG_WARN_DIRECT_OBJC_ISA_USAGE = YES_ERROR;
				CLANG_WARN_DOCUMENTATION_COMMENTS = YES;
				CLANG_WARN_EMPTY_BODY = YES;
				CLANG_WARN_ENUM_CONVERSION = YES;
				CLANG_WARN_INFINITE_RECURSION = YES;
				CLANG_WARN_INT_CONVERSION = YES;
				CLANG_WARN_NON_LITERAL_NULL_CONVERSION = YES;
				CLANG_WARN_OBJC_IMPLICIT_RETAIN_SELF = YES;
				CLANG_WARN_OBJC_LITERAL_CONVERSION = YES;
				CLANG_WARN_OBJC_ROOT_CLASS = YES_ERROR;
				CLANG_WARN_RANGE_LOOP_ANALYSIS = YES;
				CLANG_WARN_STRICT_PROTOTYPES = YES;
				CLANG_WARN_SUSPICIOUS_MOVE = YES;
				CLANG_WARN_UNGUARDED_AVAILABILITY = YES_AGGRESSIVE;
				CLANG_WARN_UNREACHABLE_CODE = YES;
				CLANG_WARN__DUPLICATE_METHOD_MATCH = YES;
				COPY_PHASE_STRIP = NO;
				DEBUG_INFORMATION_FORMAT = dwarf;
				ENABLE_STRICT_OBJC_MSGSEND = YES;
				ENABLE_TESTABILITY = YES;
				GCC_C_LANGUAGE_STANDARD = gnu11;
				GCC_DYNAMIC_NO_PIC = NO;
				GCC_NO_COMMON_BLOCKS = YES;
				GCC_OPTIMIZATION_LEVEL = 0;
				GCC_PREPROCESSOR_DEFINITIONS = (
					"DEBUG=1",
					"$(inherited)",
				);
				GCC_WARN_64_TO_32_BIT_CONVERSION = YES;
				GCC_WARN_ABOUT_RETURN_TYPE = YES_ERROR;
				GCC_WARN_UNDECLARED_SELECTOR = YES;
				GCC_WARN_UNINITIALIZED_AUTOS = YES_AGGRESSIVE;
				GCC_WARN_UNUSED_FUNCTION = YES;
				GCC_WARN_UNUSED_VARIABLE = YES;
				IPHONEOS_DEPLOYMENT_TARGET = 13.2;
				MTL_ENABLE_DEBUG_INFO = INCLUDE_SOURCE;
				MTL_FAST_MATH = YES;
				ONLY_ACTIVE_ARCH = YES;
				SDKROOT = iphoneos;
				SWIFT_ACTIVE_COMPILATION_CONDITIONS = DEBUG;
				SWIFT_OPTIMIZATION_LEVEL = "-Onone";
			};
			name = Debug;
		};
		5455E0332405309700CD7AF8 /* Release */ = {
			isa = XCBuildConfiguration;
			buildSettings = {
				ALWAYS_SEARCH_USER_PATHS = NO;
				CLANG_ANALYZER_NONNULL = YES;
				CLANG_ANALYZER_NUMBER_OBJECT_CONVERSION = YES_AGGRESSIVE;
				CLANG_CXX_LANGUAGE_STANDARD = "gnu++14";
				CLANG_CXX_LIBRARY = "libc++";
				CLANG_ENABLE_MODULES = YES;
				CLANG_ENABLE_OBJC_ARC = YES;
				CLANG_ENABLE_OBJC_WEAK = YES;
				CLANG_WARN_BLOCK_CAPTURE_AUTORELEASING = YES;
				CLANG_WARN_BOOL_CONVERSION = YES;
				CLANG_WARN_COMMA = YES;
				CLANG_WARN_CONSTANT_CONVERSION = YES;
				CLANG_WARN_DEPRECATED_OBJC_IMPLEMENTATIONS = YES;
				CLANG_WARN_DIRECT_OBJC_ISA_USAGE = YES_ERROR;
				CLANG_WARN_DOCUMENTATION_COMMENTS = YES;
				CLANG_WARN_EMPTY_BODY = YES;
				CLANG_WARN_ENUM_CONVERSION = YES;
				CLANG_WARN_INFINITE_RECURSION = YES;
				CLANG_WARN_INT_CONVERSION = YES;
				CLANG_WARN_NON_LITERAL_NULL_CONVERSION = YES;
				CLANG_WARN_OBJC_IMPLICIT_RETAIN_SELF = YES;
				CLANG_WARN_OBJC_LITERAL_CONVERSION = YES;
				CLANG_WARN_OBJC_ROOT_CLASS = YES_ERROR;
				CLANG_WARN_RANGE_LOOP_ANALYSIS = YES;
				CLANG_WARN_STRICT_PROTOTYPES = YES;
				CLANG_WARN_SUSPICIOUS_MOVE = YES;
				CLANG_WARN_UNGUARDED_AVAILABILITY = YES_AGGRESSIVE;
				CLANG_WARN_UNREACHABLE_CODE = YES;
				CLANG_WARN__DUPLICATE_METHOD_MATCH = YES;
				COPY_PHASE_STRIP = NO;
				DEBUG_INFORMATION_FORMAT = "dwarf-with-dsym";
				ENABLE_NS_ASSERTIONS = NO;
				ENABLE_STRICT_OBJC_MSGSEND = YES;
				GCC_C_LANGUAGE_STANDARD = gnu11;
				GCC_NO_COMMON_BLOCKS = YES;
				GCC_WARN_64_TO_32_BIT_CONVERSION = YES;
				GCC_WARN_ABOUT_RETURN_TYPE = YES_ERROR;
				GCC_WARN_UNDECLARED_SELECTOR = YES;
				GCC_WARN_UNINITIALIZED_AUTOS = YES_AGGRESSIVE;
				GCC_WARN_UNUSED_FUNCTION = YES;
				GCC_WARN_UNUSED_VARIABLE = YES;
				IPHONEOS_DEPLOYMENT_TARGET = 13.2;
				MTL_ENABLE_DEBUG_INFO = NO;
				MTL_FAST_MATH = YES;
				SDKROOT = iphoneos;
				SWIFT_COMPILATION_MODE = wholemodule;
				SWIFT_OPTIMIZATION_LEVEL = "-O";
				VALIDATE_PRODUCT = YES;
			};
			name = Release;
		};
		5455E0352405309700CD7AF8 /* Debug */ = {
			isa = XCBuildConfiguration;
			buildSettings = {
				ASSETCATALOG_COMPILER_APPICON_NAME = AppIcon;
				CODE_SIGN_STYLE = Automatic;
				DEVELOPMENT_TEAM = M2H55ZZJC9;
				INFOPLIST_FILE = NotificationCenterVsDelegation/Resources/Info.plist;
				LD_RUNPATH_SEARCH_PATHS = (
					"$(inherited)",
					"@executable_path/Frameworks",
				);
				PRODUCT_BUNDLE_IDENTIFIER = com.patrickhaoy.NotificationCenterVsDelegation;
				PRODUCT_NAME = "$(TARGET_NAME)";
				SWIFT_VERSION = 5.0;
				TARGETED_DEVICE_FAMILY = "1,2";
			};
			name = Debug;
		};
		5455E0362405309700CD7AF8 /* Release */ = {
			isa = XCBuildConfiguration;
			buildSettings = {
				ASSETCATALOG_COMPILER_APPICON_NAME = AppIcon;
				CODE_SIGN_STYLE = Automatic;
				DEVELOPMENT_TEAM = M2H55ZZJC9;
				INFOPLIST_FILE = NotificationCenterVsDelegation/Resources/Info.plist;
				LD_RUNPATH_SEARCH_PATHS = (
					"$(inherited)",
					"@executable_path/Frameworks",
				);
				PRODUCT_BUNDLE_IDENTIFIER = com.patrickhaoy.NotificationCenterVsDelegation;
				PRODUCT_NAME = "$(TARGET_NAME)";
				SWIFT_VERSION = 5.0;
				TARGETED_DEVICE_FAMILY = "1,2";
			};
			name = Release;
		};
/* End XCBuildConfiguration section */

/* Begin XCConfigurationList section */
		5455E01B2405309400CD7AF8 /* Build configuration list for PBXProject "NotificationCenterVsDelegation" */ = {
			isa = XCConfigurationList;
			buildConfigurations = (
				5455E0322405309700CD7AF8 /* Debug */,
				5455E0332405309700CD7AF8 /* Release */,
			);
			defaultConfigurationIsVisible = 0;
			defaultConfigurationName = Release;
		};
		5455E0342405309700CD7AF8 /* Build configuration list for PBXNativeTarget "NotificationCenterVsDelegation" */ = {
			isa = XCConfigurationList;
			buildConfigurations = (
				5455E0352405309700CD7AF8 /* Debug */,
				5455E0362405309700CD7AF8 /* Release */,
			);
			defaultConfigurationIsVisible = 0;
			defaultConfigurationName = Release;
		};
/* End XCConfigurationList section */
	};
	rootObject = 5455E0182405309400CD7AF8 /* Project object */;
}
